
Microsoft Visual Studio Solution File, Format Version 12.00
# Visual Studio Version 17
VisualStudioVersion = 17.10.35013.160
MinimumVisualStudioVersion = 10.0.40219.1
Project("{FAE04EC0-301F-11D3-BF4B-00C04F79EFBC}") = "AzureAutomationStarter", "AzureAutomationStarter\AzureAutomationStarter.csproj", "{BC5F648F-5F3D-49E5-8C49-E3DCE3C7F3BB}"
EndProject
Global
	GlobalSection(SolutionConfigurationPlatforms) = preSolution
		Debug|Any CPU = Debug|Any CPU
		Release|Any CPU = Release|Any CPU
	EndGlobalSection
	GlobalSection(ProjectConfigurationPlatforms) = postSolution
		{BC5F648F-5F3D-49E5-8C49-E3DCE3C7F3BB}.Debug|Any CPU.ActiveCfg = Debug|Any CPU
		{BC5F648F-5F3D-49E5-8C49-E3DCE3C7F3BB}.Debug|Any CPU.Build.0 = Debug|Any CPU
		{BC5F648F-5F3D-49E5-8C49-E3DCE3C7F3BB}.Release|Any CPU.ActiveCfg = Release|Any CPU
		{BC5F648F-5F3D-49E5-8C49-E3DCE3C7F3BB}.Release|Any CPU.Build.0 = Release|Any CPU
	EndGlobalSection
	GlobalSection(SolutionProperties) = preSolution
		HideSolutionNode = FALSE
	EndGlobalSection
	GlobalSection(ExtensibilityGlobals) = postSolution
		SolutionGuid = {73502148-7F1E-49EB-9E03-E3B0B8DFD632}
	EndGlobalSection
EndGlobal
